
Microsoft Visual Studio Solution File, Format Version 12.00
# Visual Studio Version 16
VisualStudioVersion = 16.0.31205.134
MinimumVisualStudioVersion = 10.0.40219.1
Project("{FAE04EC0-301F-11D3-BF4B-00C04F79EFBC}") = "Bankverbindung-Kaution", "Bankverbindung-Kaution\Bankverbindung-Kaution.csproj", "{66B5B3B9-1164-4E0B-A675-20BD010CB79C}"
EndProject
Global
	GlobalSection(SolutionConfigurationPlatforms) = preSolution
		Debug|Any CPU = Debug|Any CPU
		Release|Any CPU = Release|Any CPU
	EndGlobalSection
	GlobalSection(ProjectConfigurationPlatforms) = postSolution
		{66B5B3B9-1164-4E0B-A675-20BD010CB79C}.Debug|Any CPU.ActiveCfg = Debug|Any CPU
		{66B5B3B9-1164-4E0B-A675-20BD010CB79C}.Debug|Any CPU.Build.0 = Debug|Any CPU
		{66B5B3B9-1164-4E0B-A675-20BD010CB79C}.Release|Any CPU.ActiveCfg = Release|Any CPU
		{66B5B3B9-1164-4E0B-A675-20BD010CB79C}.Release|Any CPU.Build.0 = Release|Any CPU
	EndGlobalSection
	GlobalSection(SolutionProperties) = preSolution
		HideSolutionNode = FALSE
	EndGlobalSection
	GlobalSection(ExtensibilityGlobals) = postSolution
		SolutionGuid = {1B99072D-C608-45E4-9E74-16D23C77C6FE}
	EndGlobalSection
EndGlobal
